
Microsoft Visual Studio Solution File, Format Version 12.00
# Visual Studio 15
VisualStudioVersion = 15.0.28307.168
MinimumVisualStudioVersion = 10.0.40219.1
Project("{FAE04EC0-301F-11D3-BF4B-00C04F79EFBC}") = "RemoteControl.Server", "RemoteControl.Server\RemoteControl.Server.csproj", "{92A89DF5-CF08-4401-9DAA-9C97D5EDE19E}"
EndProject
Project("{FAE04EC0-301F-11D3-BF4B-00C04F79EFBC}") = "RemoteControl.Core", "RemoteControl.Core\RemoteControl.Core.csproj", "{5E9B5F76-75D3-49D8-9D9A-D7C3030F1153}"
EndProject
Global
	GlobalSection(SolutionConfigurationPlatforms) = preSolution
		Debug|Any CPU = Debug|Any CPU
		Release|Any CPU = Release|Any CPU
	EndGlobalSection
	GlobalSection(ProjectConfigurationPlatforms) = postSolution
		{92A89DF5-CF08-4401-9DAA-9C97D5EDE19E}.Debug|Any CPU.ActiveCfg = Debug|Any CPU
		{92A89DF5-CF08-4401-9DAA-9C97D5EDE19E}.Debug|Any CPU.Build.0 = Debug|Any CPU
		{92A89DF5-CF08-4401-9DAA-9C97D5EDE19E}.Release|Any CPU.ActiveCfg = Release|Any CPU
		{92A89DF5-CF08-4401-9DAA-9C97D5EDE19E}.Release|Any CPU.Build.0 = Release|Any CPU
		{5E9B5F76-75D3-49D8-9D9A-D7C3030F1153}.Debug|Any CPU.ActiveCfg = Debug|Any CPU
		{5E9B5F76-75D3-49D8-9D9A-D7C3030F1153}.Debug|Any CPU.Build.0 = Debug|Any CPU
		{5E9B5F76-75D3-49D8-9D9A-D7C3030F1153}.Release|Any CPU.ActiveCfg = Release|Any CPU
		{5E9B5F76-75D3-49D8-9D9A-D7C3030F1153}.Release|Any CPU.Build.0 = Release|Any CPU
	EndGlobalSection
	GlobalSection(SolutionProperties) = preSolution
		HideSolutionNode = FALSE
	EndGlobalSection
	GlobalSection(ExtensibilityGlobals) = postSolution
		SolutionGuid = {EF8D174E-FBAA-42BE-A661-78CF8C4F50CB}
	EndGlobalSection
EndGlobal
